{
  "version": "5",
  "specifiers": {
    "jsr:@std/assert@1": "1.0.19",
    "jsr:@std/assert@^1.0.19": "1.0.19",
    "jsr:@std/encoding@^1.0.11": "1.0.11",
    "jsr:@std/internal@^1.0.12": "1.0.14",
    "jsr:@std/internal@^1.0.14": "1.0.14",
    "jsr:@std/path@1": "1.1.6",
    "jsr:@std/path@^1.1.6": "1.1.6",
    "jsr:@std/streams@^1.0.17": "1.1.2",
    "jsr:@std/tar@*": "0.1.10",
    "jsr:@std/tar@0.1": "0.1.10",
    "jsr:@std/tar@~0.1.10": "0.1.10",
    "npm:@npmcli/arborist@*": "10.0.2",
    "npm:@npmcli/arborist@^10.0.2": "10.0.2",
    "npm:@types/npmcli__arborist@^6.3.3": "6.3.3"
  },
  "jsr": {
    "@std/assert@1.0.19": {
      "integrity": "eaada96ee120cb980bc47e040f82814d786fe8162ecc53c91d8df60b8755991e",
      "dependencies": [
        "jsr:@std/internal@^1.0.12"
      ]
    },
    "@std/encoding@1.0.11": {
      "integrity": "e7cef2f0b3153bccc17431e7c864a1de03a4b6d9647389c43e08aaa775d37385"
    },
    "@std/internal@1.0.14": {
      "integrity": "291516b3d4c35024d6ffbc0a9df5bf4c64116e05b50012cf846710152d2ffdf7"
    },
    "@std/path@1.1.6": {
      "integrity": "c68485c2a4dfbb5ae3cc74fae4e8c4e5d874cf8a8ed12927917235c758b46cbe",
      "dependencies": [
        "jsr:@std/internal@^1.0.14"
      ]
    },
    "@std/streams@1.1.2": {
      "integrity": "0249bf9b78a999f57032ca4d8e7ccaa57579090242640b35ddc948fbb745d3af"
    },
    "@std/tar@0.1.10": {
      "integrity": "6bf907f3a4bc8bfef42973ba132d946756a6161ef6b914a9e1c06debe664db17",
      "dependencies": [
        "jsr:@std/streams"
      ]
    }
  },
  "npm": {
    "@gar/promise-retry@1.0.3": {
      "integrity": "sha512-GmzA9ckNokPypTg10pgpeHNQe7ph+iIKKmhKu3Ob9ANkswreCx7R3cKmY781K8QK3AqVL3xVh9A42JvIAbkkSA=="
    },
    "@isaacs/fs-minipass@4.0.1": {
      "integrity": "sha512-wgm9Ehl2jpeqP3zw/7mo3kRHFp5MEDhqAdwy1fTGkHAwnkGOVsgpvQhL8B5n1qlb01jV3n/bI0ZfZp5lWA1k4w==",
      "dependencies": [
        "minipass@7.1.3"
      ]
    },
    "@isaacs/string-locale-compare@1.1.0": {
      "integrity": "sha512-SQ7Kzhh9+D+ZW9MA0zkYv3VXhIDNx+LzM6EJ+/65I3QY+enU6Itte7E5XX7EWrqLW2FN4n06GWzBnPoC3th2aQ=="
    },
    "@npm/types@1.0.2": {
      "integrity": "sha512-KXZccTDEnWqNrrx6JjpJKU/wJvNeg9BDgjS0XhmlZab7br921HtyVbsYzJr4L+xIvjdJ20Wh9dgxgCI2a5CEQw=="
    },
    "@npmcli/agent@5.0.2": {
      "integrity": "sha512-EkzGmEsgbQ1rqWkRJe2P0oQHx/ylZozDUNPMXCklLuSFL3GY+QyEfBUjhjCsgGXzh4OGpnHvkboSQgczjP/jJg==",
      "dependencies": [
        "agent-base",
        "http-proxy-agent",
        "https-proxy-agent",
        "lru-cache",
        "socks-proxy-agent"
      ]
    },
    "@npmcli/arborist@10.0.2": {
      "integrity": "sha512-+pkXINqcFRhiSK6EvhzqfiKD43Qsp6KKl8nVijPVjvJZuxl501UPd7uO48wcSAnWIub7prHuxL2fxrFIEg1FzA==",
      "dependencies": [
        "@gar/promise-retry",
        "@isaacs/string-locale-compare",
        "@npmcli/fs",
        "@npmcli/installed-package-contents",
        "@npmcli/map-workspaces",
        "@npmcli/metavuln-calculator",
        "@npmcli/name-from-folder",
        "@npmcli/node-gyp",
        "@npmcli/package-json",
        "@npmcli/query",
        "@npmcli/redact",
        "@npmcli/run-script",
        "bin-links",
        "cacache",
        "common-ancestor-path",
        "diff",
        "hosted-git-info",
        "json-stringify-nice",
        "lru-cache",
        "minimatch",
        "nopt",
        "npm-install-checks",
        "npm-package-arg",
        "npm-pick-manifest",
        "npm-registry-fetch",
        "pacote",
        "parse-conflict-json",
        "proc-log",
        "proggy",
        "promise-all-reject-late",
        "promise-call-limit",
        "semver",
        "ssri",
        "treeverse",
        "validate-npm-package-name",
        "walk-up-path"
      ],
      "bin": true
    },
    "@npmcli/fs@6.0.0": {
      "integrity": "sha512-AheOs4swKka/XLtht6xxJDPezlQ7K2IYQ9Y8lST4JLDjnralnWuMM9AE2CdVcgQJ5omrXhsRzM7F7aYmeZBvKQ==",
      "dependencies": [
        "semver"
      ]
    },
    "@npmcli/git@8.0.0": {
      "integrity": "sha512-5P1oo+TbxZNAiiMBtpzHA8QyEGh5D69LYLexNWJEDXLdxnAZvT/SLitGJBXxjtCE4ftAcFOS/Tu2185MeIjooQ==",
      "dependencies": [
        "@gar/promise-retry",
        "@npmcli/promise-spawn",
        "ini",
        "lru-cache",
        "npm-pick-manifest",
        "proc-log",
        "semver",
        "which"
      ]
    },
    "@npmcli/installed-package-contents@5.0.0": {
      "integrity": "sha512-6Ay12sf2Lh7U1ifvnS1mq7TZFeh/rXHMXye+kV7jQrANIubaoVcleeh4HdFumxhsRYwm9OaHycB5lYmSwGrcIQ==",
      "dependencies": [
        "npm-bundled",
        "npm-normalize-package-bin"
      ],
      "bin": true
    },
    "@npmcli/map-workspaces@6.0.0": {
      "integrity": "sha512-Dsex7XBea0BoFRbfALMbNuaNqeI3kbZJxiBMQhFvPUNluv0yEeKMd5FLIXy0NCsOuGMYQkLa+i219CadnoqLbg==",
      "dependencies": [
        "@npmcli/name-from-folder",
        "@npmcli/package-json",
        "glob",
        "minimatch"
      ]
    },
    "@npmcli/metavuln-calculator@10.0.0": {
      "integrity": "sha512-fC56lpGOae+unrFx6hoiWeWa0/4q+bLhOQTSrB65qcy+Zm34i1OdBcevAQFJJdUB/3i9uXw7PjdrrRjt0KSKXw==",
      "dependencies": [
        "cacache",
        "json-parse-even-better-errors",
        "pacote",
        "proc-log",
        "semver"
      ]
    },
    "@npmcli/name-from-folder@5.0.0": {
      "integrity": "sha512-Mua2i5asmOn4sGGAsANS9Guamo7sgUd4BihhQWzlNGz6l/Ki23CzC2oGe4I94r2k/39ImCjDLbyu/rSJr/SXoA=="
    },
    "@npmcli/node-gyp@6.0.0": {
      "integrity": "sha512-MFakpea4pcZNlHSTbMi15HK8RY8zl2UpgDtxhZCWOer+KRN3x7HFIMk/fKpOMgR55L4LIcA2qn8IHeyABhIFtw=="
    },
    "@npmcli/package-json@8.0.0": {
      "integrity": "sha512-agNZzYQ18MR0wKp3Emg1q5QbcC8CXigYp3Z3CvB0Sax9Ge9aF4cVyyuSG+5SbACSrZUKTvMjVULWiE1RJA38wg==",
      "dependencies": [
        "@npmcli/git",
        "glob",
        "hosted-git-info",
        "json-parse-even-better-errors",
        "proc-log",
        "semver",
        "spdx-expression-parse"
      ]
    },
    "@npmcli/promise-spawn@10.0.0": {
      "integrity": "sha512-llZkSzeTsimFx64U+ThT2xQM2uEce8GIQUYvxgbB6ZFvBhV2LP9LeJJb3HT+syG0uCFLsTCHjV9SfC0WNU1vtA==",
      "dependencies": [
        "which"
      ]
    },
    "@npmcli/query@5.0.0": {
      "integrity": "sha512-8TZWfTQOsODpLqo9SVhVjHovmKXNpevHU0gO9e+y4V4fRIOneiXy0u0sMP9LmS71XivrEWfZWg50ReH4WRT4aQ==",
      "dependencies": [
        "postcss-selector-parser"
      ]
    },
    "@npmcli/redact@5.0.0": {
      "integrity": "sha512-3zcN5Q3yEmeyxXBzqB6fXPQFzYa2ROsGFSr69W0ArXIAGJqxl/aFECOVPD2kbkYPm0U/EHxFKgclK3UA9WQg5A=="
    },
    "@npmcli/run-script@11.0.0": {
      "integrity": "sha512-leBRl6F5F0TvWut8m1/aZcMTUHi2vXjKeMJ/Ik1lW7Q7Yy16Dhtkklu+cEqQww1p1NeLnUNzV3+uwpzqRcy9vw==",
      "dependencies": [
        "@npmcli/node-gyp",
        "@npmcli/package-json",
        "@npmcli/promise-spawn",
        "node-gyp",
        "proc-log"
      ]
    },
    "@sigstore/bundle@5.0.0": {
      "integrity": "sha512-wefjygudENbzbQMks1t5u34EP0fFoD0XvaEP7DOUP/sXKvogzEJYFw5E6pegGyp3onGWzVEYKVa3bNZWyTYX+A==",
      "dependencies": [
        "@sigstore/protobuf-specs"
      ]
    },
    "@sigstore/core@4.0.1": {
      "integrity": "sha512-9v5hRjujn5NXq8o7XFEUgLyAtdr5Iisb4pzM05u3K61IS5q3hP3luWAndk0RkPPLTUFoTbg7Vb84UQ1ZQeajWQ=="
    },
    "@sigstore/protobuf-specs@0.5.1": {
      "integrity": "sha512-/ScWUhhoFasJsSRGTVBwId1loQjjnjAfE4djL6ZhrXRpNCmPTnUKF5Jokd58ILseOMjzET3UrMOtJPS9sYeI0g=="
    },
    "@sigstore/sign@5.0.0": {
      "integrity": "sha512-DSFivqz9/i5AkwZ5fq0YdjaJlc4o1WeS2Zffon0kqtChx0vy4W9NOjkEet9bF2vkzOufX72eVH8kZBIGtcBp1w==",
      "dependencies": [
        "@gar/promise-retry",
        "@sigstore/bundle",
        "@sigstore/core",
        "@sigstore/protobuf-specs",
        "make-fetch-happen",
        "proc-log"
      ]
    },
    "@sigstore/tuf@5.0.0": {
      "integrity": "sha512-Zyqg9tcHps3uRAlKHLNmsW4ohsUZAjb9G+31r7lg0ICh/JOcadzmJsIRdjKljlRHpaR0K4aJ2kXXIdywdcdMlA==",
      "dependencies": [
        "@sigstore/protobuf-specs",
        "tuf-js"
      ]
    },
    "@sigstore/verify@4.1.2": {
      "integrity": "sha512-BfD9eLrz3A/DG58aSgfgZYmIR6V9Yw96QVN/frtu2bEH7ctSTk2TDvHU12un3JsDPBTqTNkqkIkucjxljpOFqQ==",
      "dependencies": [
        "@sigstore/bundle",
        "@sigstore/core",
        "@sigstore/protobuf-specs"
      ]
    },
    "@tufjs/canonical-json@2.0.0": {
      "integrity": "sha512-yVtV8zsdo8qFHe+/3kw81dSLyF7D576A5cCFCi4X7B39tWT7SekaEFUnvnWJHz+9qO7qJTah1JbrDjWKqFtdWA=="
    },
    "@tufjs/models@5.0.0": {
      "integrity": "sha512-U4mVcdFGOi6pt8n38LdWZp67Svn7ppnU1Pj8SGOVaBi1X4gm+G4ztQlLfkoJbKSHfjA6WeaiJp2A4V83AJF6nQ==",
      "dependencies": [
        "@tufjs/canonical-json",
        "minimatch"
      ]
    },
    "@types/cacache@20.0.1": {
      "integrity": "sha512-QlKW3AFoFr/hvPHwFHMIVUH/ZCYeetBNou3PCmxu5LaNDvrtBlPJtIA6uhmU9JRt9oxj7IYoqoLcpxtzpPiTcw==",
      "dependencies": [
        "@types/node",
        "minipass@7.1.3"
      ]
    },
    "@types/node-fetch@2.6.13": {
      "integrity": "sha512-QGpRVpzSaUs30JBSGPjOg4Uveu384erbHBoT1zeONvyCfwQxIkUshLAOqN/k9EjGviPRmWTTe6aH2qySWKTVSw==",
      "dependencies": [
        "@types/node",
        "form-data"
      ]
    },
    "@types/node@26.1.2": {
      "integrity": "sha512-Vu4a5UFA9rIIFJ7rB/Vaafh9lrCQszopTCx6KjFboXTGQbPNasehVR5TEiithSDGyd1DEiUByggTZsg8jukeIg==",
      "dependencies": [
        "undici-types"
      ]
    },
    "@types/npm-package-arg@6.1.4": {
      "integrity": "sha512-vDgdbMy2QXHnAruzlv68pUtXCjmqUk3WrBAsRboRovsOmxbfn/WiYCjmecyKjGztnMps5dWp4Uq2prp+Ilo17Q=="
    },
    "@types/npm-registry-fetch@8.0.9": {
      "integrity": "sha512-7NxvodR5Yrop3pb6+n8jhJNyzwOX0+6F+iagNEoi9u1CGxruYAwZD8pvGc9prIkL0+FdX5Xp0p80J9QPrGUp/g==",
      "dependencies": [
        "@types/node",
        "@types/node-fetch",
        "@types/npm-package-arg",
        "@types/npmlog",
        "@types/ssri"
      ]
    },
    "@types/npmcli__arborist@6.3.3": {
      "integrity": "sha512-kyrX932Qr+/Y4OB47Jamgc2YWa/HlXTCN0KVJsq04XDHUGkfbprJA8rd66zZXHmHmvnz1LR4X17zsE/H8Mklew==",
      "dependencies": [
        "@npm/types",
        "@types/cacache",
        "@types/node",
        "@types/npmcli__package-json",
        "@types/pacote"
      ]
    },
    "@types/npmcli__package-json@4.0.4": {
      "integrity": "sha512-6QjlFUSHBmZJWuC08bz1ZCx6tm4t+7+OJXAdvM6tL2pI7n6Bh5SIp/YxQvnOLFf8MzCXs2ijyFgrzaiu1UFBGA=="
    },
    "@types/npmlog@7.0.0": {
      "integrity": "sha512-hJWbrKFvxKyWwSUXjZMYTINsSOY6IclhvGOZ97M8ac2tmR9hMwmTnYaMdpGhvju9ctWLTPhCS+eLfQNluiEjQQ==",
      "dependencies": [
        "@types/node"
      ]
    },
    "@types/pacote@11.1.8": {
      "integrity": "sha512-/XLR0VoTh2JEO0jJg1q/e6Rh9bxjBq9vorJuQmtT7rRrXSiWz7e7NsvXVYJQ0i8JxMlBMPPYDTnrRe7MZRFA8Q==",
      "dependencies": [
        "@types/node",
        "@types/npm-registry-fetch",
        "@types/npmlog",
        "@types/ssri"
      ]
    },
    "@types/ssri@7.1.5": {
      "integrity": "sha512-odD/56S3B51liILSk5aXJlnYt99S6Rt9EFDDqGtJM26rKHApHcwyU/UoYHrzKkdkHMAIquGWCuHtQTbes+FRQw==",
      "dependencies": [
        "@types/node"
      ]
    },
    "abbrev@5.0.0": {
      "integrity": "sha512-/XrFJgzQQQHpti1raDJC6m4ws6aNktmjBlhk8Fdlk7LwCEuDoieEJJY9OFHjfiFJFFRM2tK+Ky/IsfbbmlMu1w=="
    },
    "agent-base@9.0.0": {
      "integrity": "sha512-TQf59BsZnytt8GdJKLPfUZ54g/iaUL2OWDSFCCvMOhsHduDQxO8xC4PNeyIkVcA5KwL2phPSv0douC0fgWzmnA=="
    },
    "asynckit@0.4.0": {
      "integrity": "sha512-Oei9OH4tRh0YqU3GxhX79dM/mwVgvbZJaSNaRk+bshkj0S5cfHcgYakreBjrHwatXKbz+IoIdYLxrKim2MjW0Q=="
    },
    "balanced-match@4.0.4": {
      "integrity": "sha512-BLrgEcRTwX2o6gGxGOCNyMvGSp35YofuYzw9h1IMTRmKqttAZZVU67bdb9Pr2vUHA8+j3i2tJfjO6C6+4myGTA=="
    },
    "bin-links@7.0.0": {
      "integrity": "sha512-kEk4UROE3064ebMhwmW1qx5BFSBWzmqMe0UwUzn5gsbDyXHmqMUSO8MW6sieYNiRJsindpdnjg4U0D9iXUkIxQ==",
      "dependencies": [
        "cmd-shim",
        "npm-normalize-package-bin",
        "proc-log",
        "read-cmd-shim",
        "write-file-atomic"
      ]
    },
    "brace-expansion@5.0.9": {
      "integrity": "sha512-ScQ4IuvIEF1TMlP7Zt+vjJ//9zlPb2SDcxWxM3bk8s6t6GGdJ7KO1dCcTidOPJKePW30LE/2cT7wCyPho9/Wxg==",
      "dependencies": [
        "balanced-match"
      ]
    },
    "cacache@21.0.1": {
      "integrity": "sha512-pTwz/uj3Jyp6WXdJ6fWhR+7LVxVs6RyroQSn7KJwHsSxXuyGSp0pcMVcwSwTpCFq1X2YG8QBe0W+vN+cr0SwzA==",
      "dependencies": [
        "@npmcli/fs",
        "fs-minipass",
        "glob",
        "lru-cache",
        "minipass@7.1.3",
        "minipass-collect",
        "minipass-flush",
        "minipass-pipeline",
        "p-map",
        "ssri"
      ]
    },
    "call-bind-apply-helpers@1.0.2": {
      "integrity": "sha512-Sp1ablJ0ivDkSzjcaJdxEunN5/XvksFJ2sMBFfq6x0ryhQV/2b/KwFe21cMpmHtPOSij8K99/wSfoEuTObmuMQ==",
      "dependencies": [
        "es-errors",
        "function-bind"
      ]
    },
    "chownr@3.0.0": {
      "integrity": "sha512-+IxzY9BZOQd/XuYPRmrvEVjF/nqj5kgT4kEq7VofrDoM1MxoRjEWkrCC3EtLi59TVawxTAn+orJwFQcrqEN1+g=="
    },
    "cmd-shim@9.0.2": {
      "integrity": "sha512-xVHoI+wNrM4tDB9iC1idf/8D0tYnVimlBp/5zHW+x1sGjjRD69NvR9th3Z1JAYGN/BTW4he6aZFYV6kzy+k+jw=="
    },
    "combined-stream@1.0.8": {
      "integrity": "sha512-FQN4MRfuJeHf7cBbBMJFXhKSDq+2kAArBlmRBvcvFE5BB1HZKXtSFASDhdlz9zOYwxh8lDdnvmMOe/+5cdoEdg==",
      "dependencies": [
        "delayed-stream"
      ]
    },
    "common-ancestor-path@2.0.0": {
      "integrity": "sha512-dnN3ibLeoRf2HNC+OlCiNc5d2zxbLJXOtiZUudNFSXZrNSydxcCsSpRzXwfu7BBWCIfHPw+xTayeBvJCP/D8Ng=="
    },
    "cssesc@3.0.0": {
      "integrity": "sha512-/Tb/JcjK111nNScGob5MNtsntNM1aCNUDipB/TkwZFhyDrrE47SOx/18wF2bbjgc3ZzCSKW1T5nt5EbFoAz/Vg==",
      "bin": true
    },
    "debug@4.4.3": {
      "integrity": "sha512-RGwwWnwQvkVfavKVt22FGLw+xYSdzARwm0ru6DhTVA3umU5hZc28V3kO4stgYryrTlLpuvgI9GiijltAjNbcqA==",
      "dependencies": [
        "ms"
      ]
    },
    "delayed-stream@1.0.0": {
      "integrity": "sha512-ZySD7Nf91aLB0RxL4KGrKHBXl7Eds1DAmEdcoVawXnLD7SDhpNgtuII2aAkg7a7QS41jxPSZ17p4VdGnMHk3MQ=="
    },
    "diff@8.0.4": {
      "integrity": "sha512-DPi0FmjiSU5EvQV0++GFDOJ9ASQUVFh5kD+OzOnYdi7n3Wpm9hWWGfB/O2blfHcMVTL5WkQXSnRiK9makhrcnw=="
    },
    "dunder-proto@1.0.1": {
      "integrity": "sha512-KIN/nDJBQRcXw0MLVhZE9iQHmG68qAVIBg9CqmUYjmQIhgij9U5MFvrqkUL5FbtyyzZuOeOt0zdeRe4UY7ct+A==",
      "dependencies": [
        "call-bind-apply-helpers",
        "es-errors",
        "gopd"
      ]
    },
    "env-paths@2.2.1": {
      "integrity": "sha512-+h1lkLKhZMTYjog1VEpJNG7NZJWcuc2DDk/qsqSTRRCOXiLjeQ1d1/udrUGhqMxUgAlwKNZ0cf2uqan5GLuS2A=="
    },
    "es-define-property@1.0.1": {
      "integrity": "sha512-e3nRfgfUZ4rNGL232gUgX06QNyyez04KdjFrF+LTRoOXmrOgFKDg4BCdsjW8EnT69eqdYGmRpJwiPVYNrCaW3g=="
    },
    "es-errors@1.3.0": {
      "integrity": "sha512-Zf5H2Kxt2xjTvbJvP2ZWLEICxA6j+hAmMzIlypy4xcBg1vKVnx89Wy0GbS+kf5cwCVFFzdCFh2XSCFNULS6csw=="
    },
    "es-object-atoms@1.1.2": {
      "integrity": "sha512-HWcBoN6NileqtSydK2FqHbS/LoDd2pqrnQHLyJzBj4kOp/ky2MWMN694xOfkK8/SnUsW2DH7EfyVlydKCsm1Zw==",
      "dependencies": [
        "es-errors"
      ]
    },
    "es-set-tostringtag@2.1.0": {
      "integrity": "sha512-j6vWzfrGVfyXxge+O0x5sh6cvxAog0a/4Rdd2K36zCMV5eJ+/+tOAngRO8cODMNWbVRdVlmGZQL2YS3yR8bIUA==",
      "dependencies": [
        "es-errors",
        "get-intrinsic",
        "has-tostringtag",
        "hasown"
      ]
    },
    "exponential-backoff@3.1.3": {
      "integrity": "sha512-ZgEeZXj30q+I0EN+CbSSpIyPaJ5HVQD18Z1m+u1FXbAeT94mr1zw50q4q6jiiC447Nl/YTcIYSAftiGqetwXCA=="
    },
    "fdir@6.5.0_picomatch@4.0.5": {
      "integrity": "sha512-tIbYtZbucOs0BRGqPJkshJUYdL+SDH7dVM8gjy+ERp3WAUjLEFJE+02kanyHtwjWOnwrKYBiwAmM0p4kLJAnXg==",
      "dependencies": [
        "picomatch"
      ],
      "optionalPeers": [
        "picomatch"
      ]
    },
    "form-data@4.0.6": {
      "integrity": "sha512-vKatAh4SlVfgbv+YtmhiRjhEMJsYpsG1Y2rMQtR+SVSbytsSD1YGzDIcrAJmdFec88u/+VoGmxnl+80gL1tRCQ==",
      "dependencies": [
        "asynckit",
        "combined-stream",
        "es-set-tostringtag",
        "hasown",
        "mime-types"
      ]
    },
    "fs-minipass@3.0.3": {
      "integrity": "sha512-XUBA9XClHbnJWSfBzjkm6RvPsyg3sryZt06BEQoXcF7EK/xpGaQYJgQKDJSUH5SGZ76Y7pFx1QBnXz09rU5Fbw==",
      "dependencies": [
        "minipass@7.1.3"
      ]
    },
    "function-bind@1.1.2": {
      "integrity": "sha512-7XHNxH7qX9xG5mIwxkhumTox/MIRNcOgDrxWsMt2pAr23WHp6MrRlN7FBSFpCpr+oVO0F744iUgR82nJMfG2SA=="
    },
    "get-intrinsic@1.3.0": {
      "integrity": "sha512-9fSjSaos/fRIVIp+xSJlE6lfwhES7LNtKaCBIamHsjr2na1BiABJPo0mOjjz8GJDURarmCPGqaiVg5mfjb98CQ==",
      "dependencies": [
        "call-bind-apply-helpers",
        "es-define-property",
        "es-errors",
        "es-object-atoms",
        "function-bind",
        "get-proto",
        "gopd",
        "has-symbols",
        "hasown",
        "math-intrinsics"
      ]
    },
    "get-proto@1.0.1": {
      "integrity": "sha512-sTSfBjoXBp89JvIKIefqw7U2CCebsc74kiY6awiGogKtoSGbgjYE/G/+l9sF3MWFPNc9IcoOC4ODfKHfxFmp0g==",
      "dependencies": [
        "dunder-proto",
        "es-object-atoms"
      ]
    },
    "glob@13.0.6": {
      "integrity": "sha512-Wjlyrolmm8uDpm/ogGyXZXb1Z+Ca2B8NbJwqBVg0axK9GbBeoS7yGV6vjXnYdGm6X53iehEuxxbyiKp8QmN4Vw==",
      "dependencies": [
        "minimatch",
        "minipass@7.1.3",
        "path-scurry"
      ]
    },
    "gopd@1.2.0": {
      "integrity": "sha512-ZUKRh6/kUFoAiTAtTYPZJ3hw9wNxx+BIBOijnlG9PnrJsCcSjs1wyyD6vJpaYtgnzDrKYRSqf3OO6Rfa93xsRg=="
    },
    "graceful-fs@4.2.11": {
      "integrity": "sha512-RbJ5/jmFcNNCcDV5o9eTnBLJ/HszWV0P73bc+Ff4nS/rJj+YaS6IGyiOL0VoBYX+l1Wrl3k63h/KrH+nhJ0XvQ=="
    },
    "has-symbols@1.1.0": {
      "integrity": "sha512-1cDNdwJ2Jaohmb3sg4OmKaMBwuC48sYni5HUw2DvsC8LjGTLK9h+eb1X6RyuOHe4hT0ULCW68iomhjUoKUqlPQ=="
    },
    "has-tostringtag@1.0.2": {
      "integrity": "sha512-NqADB8VjPFLM2V0VvHUewwwsw0ZWBaIdgo+ieHtK3hasLz4qeCRjYcqfB6AQrBggRKppKF8L52/VqdVsO47Dlw==",
      "dependencies": [
        "has-symbols"
      ]
    },
    "hasown@2.0.4": {
      "integrity": "sha512-T2UbfbBEF32wiepXIsMlTW9+dDYC6wMh/t/vYA4tuOMKqWz/n3vr1NFSxQiyP+zk2mXsoMA/i/7qV6LKut1t1A==",
      "dependencies": [
        "function-bind"
      ]
    },
    "hosted-git-info@10.1.1": {
      "integrity": "sha512-DeOnSPAvOndYKfw075gt8yZzQ7S2hNztw34zBTfhIzLhmBTswIBg5/y+pqu/VD5cYWm5goAFTusDmUEmKZ0PEQ==",
      "dependencies": [
        "lru-cache"
      ]
    },
    "http-cache-semantics@4.2.0": {
      "integrity": "sha512-dTxcvPXqPvXBQpq5dUr6mEMJX4oIEFv6bwom3FDwKRDsuIjjJGANqhBuoAn9c1RQJIdAKav33ED65E2ys+87QQ=="
    },
    "http-proxy-agent@9.1.0": {
      "integrity": "sha512-2NxoveTT58mjYT4n3RPTEfCZGLMbidoO8XEieXfpSYxu+PQJ1qpx4ypwH6N+uF9twBPIvRRgvkvW5HUTYWENig==",
      "dependencies": [
        "agent-base",
        "debug",
        "proxy-agent-negotiate"
      ]
    },
    "https-proxy-agent@9.1.0": {
      "integrity": "sha512-ag87y7cJJ9/3+GxFr8Oy4O5faDsGRGnBGsJj/YjOSsSx/5eadKLYTMPlzuR6obgoCDDm0abAAZitXXQkMOPSpA==",
      "dependencies": [
        "agent-base",
        "debug",
        "proxy-agent-negotiate"
      ]
    },
    "iconv-lite@0.7.3": {
      "integrity": "sha512-IKXpvIzjnC9XTAUbVBcMfGS0EPaIXtW6v+zr+RRp+hqULEpo0owZax6wyRwPOJbWbzjYspQwusTsfVr0ifh4uQ==",
      "dependencies": [
        "safer-buffer"
      ]
    },
    "ignore-walk@9.0.0": {
      "integrity": "sha512-tCBEZV2z2FNpIDl2vrhiWzIHzs4qOAuIDEO85eS02vZ3L1U3P56qpPL8GuGGAijDktAEaq2swMkO/Fmbo7YmfQ==",
      "dependencies": [
        "minimatch"
      ]
    },
    "ini@7.0.0": {
      "integrity": "sha512-ifK0CgjALofS5bkrcTy4RaQ9Vx2Knf/eLeIO+NaswQEpH1UblrtTSCIvN71qQDMq0PeQ/SSPojvEJp9vvvfr+w=="
    },
    "ip-address@10.5.0": {
      "integrity": "sha512-R5SnVLJmgYYvf2F2ZgwSBnelz5G4q5AxIC277GDfUaNbrZKNANcBC7RHqYYePlszf4kBolVkJauG0ZjHHFh55g=="
    },
    "isexe@4.0.0": {
      "integrity": "sha512-FFUtZMpoZ8RqHS3XeXEmHWLA4thH+ZxCv2lOiPIn1Xc7CxrqhWzNSDzD+/chS/zbYezmiwWLdQC09JdQKmthOw=="
    },
    "json-parse-even-better-errors@6.0.0": {
      "integrity": "sha512-2/8adwnK1/+Fdjyts4r6wSpfANWw8zdNhU9U/Llk59c6O+DjSisPWPykwoL8gZmocP9Dy64S7oie2g+Mia123A=="
    },
    "json-stringify-nice@1.1.4": {
      "integrity": "sha512-5Z5RFW63yxReJ7vANgW6eZFGWaQvnPE3WNmZoOJrSkGju2etKA2L5rrOa1sm877TVTFt57A80BH1bArcmlLfPw=="
    },
    "jsonparse@1.3.1": {
      "integrity": "sha512-POQXvpdL69+CluYsillJ7SUhKvytYjW9vG/GKpnf+xP8UWgYEM/RaMzHHofbALDiKbbP1W8UEYmgGl39WkPZsg=="
    },
    "just-diff-apply@5.5.0": {
      "integrity": "sha512-OYTthRfSh55WOItVqwpefPtNt2VdKsq5AnAK6apdtR6yCH8pr0CmSr710J0Mf+WdQy7K/OzMy7K2MgAfdQURDw=="
    },
    "just-diff@6.0.2": {
      "integrity": "sha512-S59eriX5u3/QhMNq3v/gm8Kd0w8OS6Tz2FS1NG4blv+z0MuQcBRJyFWjdovM0Rad4/P4aUPFtnkNjMjyMlMSYA=="
    },
    "lru-cache@11.5.2": {
      "integrity": "sha512-4pfM1Ff0x50o0tQwb5ucw/RzNyD0/YJME6IVcStalZuMWxdt3sR3huStTtxz4PUmvZfRguvDejasvQ2kifR11g=="
    },
    "make-fetch-happen@16.0.1": {
      "integrity": "sha512-uUv1yxHzaKVVEPfcFeGSNov/Cehjv08ovlY8ImTljgL7Q+SiA0dAYLQ6SYVa2kkKqNj4Y3aZEI7xv2teadie0A==",
      "dependencies": [
        "@gar/promise-retry",
        "@npmcli/agent",
        "@npmcli/redact",
        "cacache",
        "http-cache-semantics",
        "minipass@7.1.3",
        "minipass-fetch",
        "minipass-flush",
        "minipass-pipeline",
        "negotiator",
        "proc-log",
        "ssri"
      ]
    },
    "math-intrinsics@1.1.0": {
      "integrity": "sha512-/IXtbwEk5HTPyEwyKX6hGkYXxM9nbj64B+ilVJnC/R6B0pH5G4V3b0pVbL7DBj4tkhBAppbQUlf6F6Xl9LHu1g=="
    },
    "mime-db@1.52.0": {
      "integrity": "sha512-sPU4uV7dYlvtWJxwwxHD0PuihVNiE7TyAbQ5SWxDCB9mUYvOgroQOwYQQOKPJ8CIbE+1ETVlOoK1UC2nU3gYvg=="
    },
    "mime-types@2.1.35": {
      "integrity": "sha512-ZDY+bPm5zTTF+YpCrAU9nK0UgICYPT0QtT1NZWFv4s++TNkcgVaT0g6+4R2uI4MjQjzysHB1zxuWL50hzaeXiw==",
      "dependencies": [
        "mime-db"
      ]
    },
    "minimatch@10.2.6": {
      "integrity": "sha512-vpLQEs+VLCr1nU0BXS07maYoFwlDAH0gngQuuttxIwutDFEMHq2blX+8vpgxDdK3J1PwjCJiep77OitTZ4Ll1A==",
      "dependencies": [
        "brace-expansion"
      ]
    },
    "minipass-collect@2.0.1": {
      "integrity": "sha512-D7V8PO9oaz7PWGLbCACuI1qEOsq7UKfLotx/C0Aet43fCUB/wfQ7DYeq2oR/svFJGYDHPr38SHATeaj/ZoKHKw==",
      "dependencies": [
        "minipass@7.1.3"
      ]
    },
    "minipass-fetch@6.0.0": {
      "integrity": "sha512-AWI8bKapGmgx/J0E6IGYSKj8TiHebZkmKWSs8raPSw8KXwgEAJ+Bw3+LSdXHR6T/RHKAWCOYk2MiLrYluaUU6w==",
      "dependencies": [
        "minipass@7.1.3",
        "minipass-sized",
        "minizlib"
      ],
      "optionalDependencies": [
        "iconv-lite"
      ]
    },
    "minipass-flush@1.0.7": {
      "integrity": "sha512-TbqTz9cUwWyHS2Dy89P3ocAGUGxKjjLuR9z8w4WUTGAVgEj17/4nhgo2Du56i0Fm3Pm30g4iA8Lcqctc76jCzA==",
      "dependencies": [
        "minipass@3.3.6"
      ]
    },
    "minipass-pipeline@1.2.4": {
      "integrity": "sha512-xuIq7cIOt09RPRJ19gdi4b+RiNvDFYe5JH+ggNvBqGqpQXcru3PcRmOZuHBKWK1Txf9+cQ+HMVN4d6z46LZP7A==",
      "dependencies": [
        "minipass@3.3.6"
      ]
    },
    "minipass-sized@2.0.0": {
      "integrity": "sha512-zSsHhto5BcUVM2m1LurnXY6M//cGhVaegT71OfOXoprxT6o780GZd792ea6FfrQkuU4usHZIUczAQMRUE2plzA==",
      "dependencies": [
        "minipass@7.1.3"
      ]
    },
    "minipass@3.3.6": {
      "integrity": "sha512-DxiNidxSEK+tHG6zOIklvNOwm3hvCrbUrdtzY74U6HKTJxvIDfOUL5W5P2Ghd3DTkhhKPYGqeNUIh5qcM4YBfw==",
      "dependencies": [
        "yallist@4.0.0"
      ]
    },
    "minipass@7.1.3": {
      "integrity": "sha512-tEBHqDnIoM/1rXME1zgka9g6Q2lcoCkxHLuc7ODJ5BxbP5d4c2Z5cGgtXAku59200Cx7diuHTOYfSBD8n6mm8A=="
    },
    "minizlib@3.1.0": {
      "integrity": "sha512-KZxYo1BUkWD2TVFLr0MQoM8vUUigWD3LlD83a/75BqC+4qE0Hb1Vo5v1FgcfaNXvfXzr+5EhQ6ing/CaBijTlw==",
      "dependencies": [
        "minipass@7.1.3"
      ]
    },
    "ms@2.1.3": {
      "integrity": "sha512-6FlzubTLZG3J2a/NVCAleEhjzq5oxgHyaCU9yYXvcLsvoVaHJq/s5xXI6/XXP6tz7R9xAOtHnSO/tXtF3WRTlA=="
    },
    "negotiator@1.0.0": {
      "integrity": "sha512-8Ofs/AUQh8MaEcrlq5xOX0CQ9ypTF5dl78mjlMNfOK08fzpgTHQRQPBxcPlEtIw0yRpws+Zo/3r+5WRby7u3Gg=="
    },
    "node-gyp@13.0.1": {
      "integrity": "sha512-piOr0S10qy5THB+q5BdqkoOx65XL/tjTMUAit3vciPNp+snTOBnGunWH1Rz7XZUxf2T9uFrfT/Ty4+aC3yPeyg==",
      "dependencies": [
        "env-paths",
        "exponential-backoff",
        "graceful-fs",
        "nopt",
        "proc-log",
        "semver",
        "tar",
        "tinyglobby",
        "undici",
        "which"
      ],
      "bin": true
    },
    "nopt@10.0.1": {
      "integrity": "sha512-df3sBr/6ax9hSGuC3CspvLlbnX8cP5L5nZwXF8cGN8l0zSWR6BvzmQ6jPUKjvo6+/xdpkNvEcucBNUdBeeV13g==",
      "dependencies": [
        "abbrev"
      ],
      "bin": true
    },
    "npm-bundled@6.0.0": {
      "integrity": "sha512-EqdodKEW6pYM+dPxA66TZQfMEqVDiuzjDM9edSjuPI1mXUbUJwVxkgqMZSJvs8RTXz2CGq8HUol/AffTZX5g8w==",
      "dependencies": [
        "npm-normalize-package-bin"
      ]
    },
    "npm-install-checks@9.0.0": {
      "integrity": "sha512-t05Izcgi7p15cpldqoiXYpjzlkTTvBw33sgjmL/JjcvtV0ydbm2O4iEXO8A6smqComu5FAQhUas86HTMQ6Z1Uw==",
      "dependencies": [
        "semver"
      ]
    },
    "npm-normalize-package-bin@6.0.0": {
      "integrity": "sha512-tdt4aFn9QamlhdN3HV2D2ccpBwO5/fyjjbXUxYA6uBjyekMZcZvDq0aSj9t5Jo+tih6AYFnt/cuIRn9013e0Uw=="
    },
    "npm-package-arg@14.0.0": {
      "integrity": "sha512-69XQh3k+dtGa1p+7RaR57IuG3rCko96xr/nUfN4yDYBXbTYICiWcOpsFKLN2GtGE9cyIljE+f1exnaYt9MvM+Q==",
      "dependencies": [
        "hosted-git-info",
        "proc-log",
        "semver",
        "validate-npm-package-name"
      ]
    },
    "npm-packlist@11.3.0": {
      "integrity": "sha512-cS1yVkyriZgQAbiK8PtwhZHEtsFOsKHsCg5Ww2ONckAvXIspgqd6o4WirOzvkupU24iMRZ4xtO4kb2iK2rbnag==",
      "dependencies": [
        "glob",
        "ignore-walk",
        "proc-log"
      ]
    },
    "npm-pick-manifest@12.0.0": {
      "integrity": "sha512-8Fs3YLrnNOhrCdPNZy18MzNgVC58LTDAFzq1FdZO/p3BHeCC/coz+t4F5Pxabys8HJpyTUorMea26GkXsb4J/Q==",
      "dependencies": [
        "npm-install-checks",
        "npm-normalize-package-bin",
        "npm-package-arg",
        "semver"
      ]
    },
    "npm-registry-fetch@20.0.1": {
      "integrity": "sha512-vzc1svxw/kw1IRjFsLi6gaxe1Olqm88V0tIfu2u5raL0b1gChe6ZEXNkyUlKxUC7s/egt5NxZHkbY18tMKKLfQ==",
      "dependencies": [
        "@npmcli/redact",
        "jsonparse",
        "make-fetch-happen",
        "minipass@7.1.3",
        "minipass-fetch",
        "minizlib",
        "npm-package-arg",
        "proc-log"
      ]
    },
    "p-map@7.0.6": {
      "integrity": "sha512-I4Prw6ivkd6p8PiYR1tXASOAOBzIJwu0TB7fqaX0c/8c3QAehNYmX57EijyGGGBt3c/BIowGwV03RVBtXvHEVg=="
    },
    "pacote@22.0.0": {
      "integrity": "sha512-++VqeOZeL03uGM2MFLk96jGCSt1owBGkyFKoPr+trwNlZhCpjN2RrvwYxt8nTbs1wNMqSFYurq0TafVWkAIHig==",
      "dependencies": [
        "@gar/promise-retry",
        "@npmcli/git",
        "@npmcli/installed-package-contents",
        "@npmcli/package-json",
        "@npmcli/promise-spawn",
        "@npmcli/run-script",
        "cacache",
        "fs-minipass",
        "minipass@7.1.3",
        "npm-package-arg",
        "npm-packlist",
        "npm-pick-manifest",
        "npm-registry-fetch",
        "proc-log",
        "sigstore",
        "ssri",
        "tar"
      ],
      "bin": true
    },
    "parse-conflict-json@6.0.0": {
      "integrity": "sha512-JIdsITvN0yVRpYxiip9DpCduYi75AryIDSCf6ez/Yul6PV46L0B/8SxSvLiMmWiUZKopLrD1BZgexxCfufoT9w==",
      "dependencies": [
        "json-parse-even-better-errors",
        "just-diff",
        "just-diff-apply"
      ]
    },
    "path-scurry@2.0.2": {
      "integrity": "sha512-3O/iVVsJAPsOnpwWIeD+d6z/7PmqApyQePUtCndjatj/9I5LylHvt5qluFaBT3I5h3r1ejfR056c+FCv+NnNXg==",
      "dependencies": [
        "lru-cache",
        "minipass@7.1.3"
      ]
    },
    "picomatch@4.0.5": {
      "integrity": "sha512-RvwwcruNjI1ncT5xRakeyS9Lf8lcItv34KD+aif+VH9kduAyfYBipGh12274xtenIPZ119/R9BdTBa8gAwSh0A=="
    },
    "postcss-selector-parser@7.1.5": {
      "integrity": "sha512-KvvtD7SrlBP7dlgkBghEE3r84CABm5SmV2aNcG4oCA+qDnJ/tvKonFVvwWAyyWUEwxuNawdfEAZKP9zM3oZ2Uw==",
      "dependencies": [
        "cssesc",
        "util-deprecate"
      ]
    },
    "proc-log@7.0.0": {
      "integrity": "sha512-FYgfaA69XZ93zaXLoMNQ+ViDXGGBgR8aLh03txzcFhV+9xOXx7+8DLCULrKKpR9+GsH9ZfHm82aSUPpozX0Ztg=="
    },
    "proggy@4.0.0": {
      "integrity": "sha512-MbA4R+WQT76ZBm/5JUpV9yqcJt92175+Y0Bodg3HgiXzrmKu7Ggq+bpn6y6wHH+gN9NcyKn3yg1+d47VaKwNAQ=="
    },
    "promise-all-reject-late@1.0.1": {
      "integrity": "sha512-vuf0Lf0lOxyQREH7GDIOUMLS7kz+gs8i6B+Yi8dC68a2sychGrHTJYghMBD6k7eUcH0H5P73EckCA48xijWqXw=="
    },
    "promise-call-limit@3.0.2": {
      "integrity": "sha512-mRPQO2T1QQVw11E7+UdCJu7S61eJVWknzml9sC1heAdj1jxl0fWMBypIt9ZOcLFf8FkG995ZD7RnVk7HH72fZw=="
    },
    "proxy-agent-negotiate@1.1.0": {
      "integrity": "sha512-N8IBcM3UgCVzz2L2Lqv8DVntDnnC8/hiV4nEDUPkqq72TPUgYWjQc+bdZlBPZK9LzPAvOY//gAt0S0DApoOXWQ=="
    },
    "read-cmd-shim@7.0.0": {
      "integrity": "sha512-GkU4W2VYxlMQqyn9JQQm8opl/UIXRzCS7iau12zNZm//CperjtK9CtpNhIh7hzU807BSdcmJIcRWeu0LIkTkYQ=="
    },
    "safer-buffer@2.1.2": {
      "integrity": "sha512-YZo3K82SD7Riyi0E1EQPojLz7kpepnSQI9IyPbHHg1XXXevb5dJI7tpyN2ADxGcQbHG7vcyRHk0cbwqcQriUtg=="
    },
    "semver@7.8.5": {
      "integrity": "sha512-Y7/KDsb8LjooZpwaqGyulO6DQlksgCncchHGk+sZIY4SBvUocMBEFH5Ur1fI4dV+Jvl0w6cjvucaIi40puRioA==",
      "bin": true
    },
    "signal-exit@4.1.0": {
      "integrity": "sha512-bzyZ1e88w9O1iNJbKnOlvYTrWPDl46O1bG0D3XInv+9tkPrxrN8jUUTiFlDkkmKWgn1M6CfIA13SuGqOa9Korw=="
    },
    "sigstore@5.0.0": {
      "integrity": "sha512-hJqJfoG/e4qFQaauQL00c6J6FrHLBGKtkFvW3JbTSIEFOhLrSjdSM/gWd/yUOfYo/gsERehTXGC1VZWX+9X4Dg==",
      "dependencies": [
        "@sigstore/bundle",
        "@sigstore/core",
        "@sigstore/protobuf-specs",
        "@sigstore/sign",
        "@sigstore/tuf",
        "@sigstore/verify"
      ]
    },
    "smart-buffer@4.2.0": {
      "integrity": "sha512-94hK0Hh8rPqQl2xXc3HsaBoOXKV20MToPkcXvwbISWLEs+64sBq5kFgn2kJDHb1Pry9yrP0dxrCI9RRci7RXKg=="
    },
    "socks-proxy-agent@10.1.0": {
      "integrity": "sha512-WlMj/67cEJ6MDI1OcsnjuYKDNDoyPCCYZ249kuuXPiMDw9F8PXkVaQ7YWu3siTydfQ/4BEZcvGzu+aYvz7dDCQ==",
      "dependencies": [
        "agent-base",
        "debug",
        "socks"
      ]
    },
    "socks@2.8.9": {
      "integrity": "sha512-LJhUYUvItdQ0LkJTmPeaEObWXAqFyfmP85x0tch/ez9cahmhlBBLbIqDFnvBnUJGagb0JbIQrkBs1wJ+yRYpEw==",
      "dependencies": [
        "ip-address",
        "smart-buffer"
      ]
    },
    "spdx-exceptions@2.5.0": {
      "integrity": "sha512-PiU42r+xO4UbUS1buo3LPJkjlO7430Xn5SVAhdpzzsPHsjbYVflnnFdATgabnLude+Cqu25p6N+g2lw/PFsa4w=="
    },
    "spdx-expression-parse@4.0.0": {
      "integrity": "sha512-Clya5JIij/7C6bRR22+tnGXbc4VKlibKSVj2iHvVeX5iMW7s1SIQlqu699JkODJJIhh/pUu8L0/VLh8xflD+LQ==",
      "dependencies": [
        "spdx-exceptions",
        "spdx-license-ids"
      ]
    },
    "spdx-license-ids@3.0.23": {
      "integrity": "sha512-CWLcCCH7VLu13TgOH+r8p1O/Znwhqv/dbb6lqWy67G+pT1kHmeD/+V36AVb/vq8QMIQwVShJ6Ssl5FPh0fuSdw=="
    },
    "ssri@14.0.0": {
      "integrity": "sha512-jQxKI0yx0ZnTKrqjKkLDV2DXkBQn3k49JVmVqDGcDwKDtGDbImD/GXsq04KD0VVzCQQ9wZJYal3RwR1GzWTSow==",
      "dependencies": [
        "minipass@7.1.3"
      ]
    },
    "tar@7.5.22": {
      "integrity": "sha512-MFO/QzvtAOmJbkhOaCTvbGcFN9L9b+JunIsDwaKljSOdcLMea3NJ1k9Usz/rjdfSXTq4dfzfeS7W4p4YOAAHeA==",
      "dependencies": [
        "@isaacs/fs-minipass",
        "chownr",
        "minipass@7.1.3",
        "minizlib",
        "yallist@5.0.0"
      ]
    },
    "tinyglobby@0.2.17": {
      "integrity": "sha512-wXR/dYpcqKmfWpEdZjiKJOwCNFndD0DMnrW/cYjVGttEkBfVgcLFHoNrlj47mjOVic9yyNu65alsgF4NQyTa2g==",
      "dependencies": [
        "fdir",
        "picomatch"
      ]
    },
    "treeverse@3.0.0": {
      "integrity": "sha512-gcANaAnd2QDZFmHFEOF4k7uc1J/6a6z3DJMd/QwEyxLoKGiptJRwid582r7QIsFlFMIZ3SnxfS52S4hm2DHkuQ=="
    },
    "tuf-js@6.0.0": {
      "integrity": "sha512-zlJVOIO68hmgo1//X4ENEcTGfuOTAtDPi8PsTsG+FyxD85E/ww1ZnwBbWo/yCEExGpI+Kilg7Z3qCdHX2BoJTQ==",
      "dependencies": [
        "@gar/promise-retry",
        "@tufjs/models",
        "debug"
      ]
    },
    "undici-types@8.3.0": {
      "integrity": "sha512-j375ScV60dom+YkPFIfTLcOiPxkN/buHz5GobjLhixFuANaNs3C9l4GmrWqejgXWJ7BbJcFYpTEUkS1Ge8bpZQ=="
    },
    "undici@8.10.0": {
      "integrity": "sha512-HvltHd7avK13QIw/oLe4qoOLyoVSoafqJ2jYOrtMRBkbYT31eiBQ8O0ehRKZiEZCMEyLFQNIADpgCWC5fALvYQ=="
    },
    "util-deprecate@1.0.2": {
      "integrity": "sha512-EPD5q1uXyFxJpCrLnCc1nHnq3gOa6DZBocAIiI2TaSCA7VCJ1UJDMagCzIkXNsUYfD1daK//LTEQ8xiIbrHtcw=="
    },
    "validate-npm-package-name@8.0.0": {
      "integrity": "sha512-SCv6OOV6Xj2/3cXy3dGmADluJTNcL3o7hZAglNPTe+WYuEuvxgJzxPrSDLZhF+CwyQOubqgecjMmTJGMVLWjYQ=="
    },
    "walk-up-path@4.0.0": {
      "integrity": "sha512-3hu+tD8YzSLGuFYtPRb48vdhKMi0KQV5sn+uWr8+7dMEq/2G/dtLrdDinkLjqq5TIbIBjYJ4Ax/n3YiaW7QM8A=="
    },
    "which@7.0.0": {
      "integrity": "sha512-RancgH2dmbLdHl6LRhEqvklWMgl/Hdnun0Y90KhBOLkMefg8Qa7/Zel8Sm+8HEcP6DEjzsWzpkuBQEZok58isA==",
      "dependencies": [
        "isexe"
      ],
      "bin": true
    },
    "write-file-atomic@8.0.0": {
      "integrity": "sha512-dYwyZredl67GyLLIHJnRM3h2PcOmN5SkcgC7eM5DPDEOEl6dLFqVrMg3F1Ea32usj4VSVZtd2H4MtKTNOf6nPg==",
      "dependencies": [
        "signal-exit"
      ]
    },
    "yallist@4.0.0": {
      "integrity": "sha512-3wdGidZyq5PB084XLES5TpOSRA3wjXAlIWMhum2kRcv/41Sn2emQ0dycQW4uZXLejwKvg6EsvbdlVL+FYEct7A=="
    },
    "yallist@5.0.0": {
      "integrity": "sha512-YgvUTfwqyc7UXVMrB+SImsVYSmTS8X/tSrtdNZMImM+n7+QTriRXyXim0mBrTXNeqzVF0KWGgHPeiyViFFrNDw=="
    }
  },
  "workspace": {
    "dependencies": [
      "jsr:@std/assert@^1.0.19",
      "jsr:@std/encoding@^1.0.11",
      "jsr:@std/path@^1.1.6",
      "jsr:@std/tar@~0.1.10",
      "npm:@npmcli/arborist@^10.0.2",
      "npm:@types/npmcli__arborist@^6.3.3"
    ]
  }
}
